<?xml version="1.0" encoding="utf-8"?>
<Project ToolsVersion="17.0" xmlns="http://schemas.microsoft.com/developer/msbuild/2003">
  <ItemGroup>
    <ClCompile Include="D:\MyLib\GearsLibrary\Modules\Effekseer\src\Effekseer\Effekseer\Effekseer.Client.cpp">
      <Filter>Effekseer</Filter>
    </ClCompile>
    <ClCompile Include="D:\MyLib\GearsLibrary\Modules\Effekseer\src\Effekseer\Effekseer\Effekseer.Color.cpp">
      <Filter>Effekseer</Filter>
    </ClCompile>
    <ClCompile Include="D:\MyLib\GearsLibrary\Modules\Effekseer\src\Effekseer\Effekseer\Effekseer.CurveLoader.cpp">
      <Filter>Effekseer</Filter>
    </ClCompile>
    <ClCompile Include="D:\MyLib\GearsLibrary\Modules\Effekseer\src\Effekseer\Effekseer\Effekseer.DefaultEffectLoader.cpp">
      <Filter>Effekseer</Filter>
    </ClCompile>
    <ClCompile Include="D:\MyLib\GearsLibrary\Modules\Effekseer\src\Effekseer\Effekseer\Effekseer.DefaultFile.cpp">
      <Filter>Effekseer</Filter>
    </ClCompile>
    <ClCompile Include="D:\MyLib\GearsLibrary\Modules\Effekseer\src\Effekseer\Effekseer\Effekseer.Effect.cpp">
      <Filter>Effekseer</Filter>
    </ClCompile>
    <ClCompile Include="D:\MyLib\GearsLibrary\Modules\Effekseer\src\Effekseer\Effekseer\Effekseer.EffectNode.cpp">
      <Filter>Effekseer</Filter>
    </ClCompile>
    <ClCompile Include="D:\MyLib\GearsLibrary\Modules\Effekseer\src\Effekseer\Effekseer\Effekseer.EffectNodeModel.cpp">
      <Filter>Effekseer</Filter>
    </ClCompile>
    <ClCompile Include="D:\MyLib\GearsLibrary\Modules\Effekseer\src\Effekseer\Effekseer\Effekseer.EffectNodeRibbon.cpp">
      <Filter>Effekseer</Filter>
    </ClCompile>
    <ClCompile Include="D:\MyLib\GearsLibrary\Modules\Effekseer\src\Effekseer\Effekseer\Effekseer.EffectNodeRing.cpp">
      <Filter>Effekseer</Filter>
    </ClCompile>
    <ClCompile Include="D:\MyLib\GearsLibrary\Modules\Effekseer\src\Effekseer\Effekseer\Effekseer.EffectNodeRoot.cpp">
      <Filter>Effekseer</Filter>
    </ClCompile>
    <ClCompile Include="D:\MyLib\GearsLibrary\Modules\Effekseer\src\Effekseer\Effekseer\Effekseer.EffectNodeSprite.cpp">
      <Filter>Effekseer</Filter>
    </ClCompile>
    <ClCompile Include="D:\MyLib\GearsLibrary\Modules\Effekseer\src\Effekseer\Effekseer\Effekseer.EffectNodeTrack.cpp">
      <Filter>Effekseer</Filter>
    </ClCompile>
    <ClCompile Include="D:\MyLib\GearsLibrary\Modules\Effekseer\src\Effekseer\Effekseer\Effekseer.FCurves.cpp">
      <Filter>Effekseer</Filter>
    </ClCompile>
    <ClCompile Include="D:\MyLib\GearsLibrary\Modules\Effekseer\src\Effekseer\Effekseer\Effekseer.Instance.cpp">
      <Filter>Effekseer</Filter>
    </ClCompile>
    <ClCompile Include="D:\MyLib\GearsLibrary\Modules\Effekseer\src\Effekseer\Effekseer\Effekseer.InstanceChunk.cpp">
      <Filter>Effekseer</Filter>
    </ClCompile>
    <ClCompile Include="D:\MyLib\GearsLibrary\Modules\Effekseer\src\Effekseer\Effekseer\Effekseer.InstanceContainer.cpp">
      <Filter>Effekseer</Filter>
    </ClCompile>
    <ClCompile Include="D:\MyLib\GearsLibrary\Modules\Effekseer\src\Effekseer\Effekseer\Effekseer.InstanceGlobal.cpp">
      <Filter>Effekseer</Filter>
    </ClCompile>
    <ClCompile Include="D:\MyLib\GearsLibrary\Modules\Effekseer\src\Effekseer\Effekseer\Effekseer.InstanceGroup.cpp">
      <Filter>Effekseer</Filter>
    </ClCompile>
    <ClCompile Include="D:\MyLib\GearsLibrary\Modules\Effekseer\src\Effekseer\Effekseer\Effekseer.InternalScript.cpp">
      <Filter>Effekseer</Filter>
    </ClCompile>
    <ClCompile Include="D:\MyLib\GearsLibrary\Modules\Effekseer\src\Effekseer\Effekseer\Effekseer.Manager.cpp">
      <Filter>Effekseer</Filter>
    </ClCompile>
    <ClCompile Include="D:\MyLib\GearsLibrary\Modules\Effekseer\src\Effekseer\Effekseer\Effekseer.Matrix43.cpp">
      <Filter>Effekseer</Filter>
    </ClCompile>
    <ClCompile Include="D:\MyLib\GearsLibrary\Modules\Effekseer\src\Effekseer\Effekseer\Effekseer.Matrix44.cpp">
      <Filter>Effekseer</Filter>
    </ClCompile>
    <ClCompile Include="D:\MyLib\GearsLibrary\Modules\Effekseer\src\Effekseer\Effekseer\Effekseer.Random.cpp">
      <Filter>Effekseer</Filter>
    </ClCompile>
    <ClCompile Include="D:\MyLib\GearsLibrary\Modules\Effekseer\src\Effekseer\Effekseer\Effekseer.RectF.cpp">
      <Filter>Effekseer</Filter>
    </ClCompile>
    <ClCompile Include="D:\MyLib\GearsLibrary\Modules\Effekseer\src\Effekseer\Effekseer\Effekseer.Resource.cpp">
      <Filter>Effekseer</Filter>
    </ClCompile>
    <ClCompile Include="D:\MyLib\GearsLibrary\Modules\Effekseer\src\Effekseer\Effekseer\Effekseer.ResourceManager.cpp">
      <Filter>Effekseer</Filter>
    </ClCompile>
    <ClCompile Include="D:\MyLib\GearsLibrary\Modules\Effekseer\src\Effekseer\Effekseer\Effekseer.Setting.cpp">
      <Filter>Effekseer</Filter>
    </ClCompile>
    <ClCompile Include="D:\MyLib\GearsLibrary\Modules\Effekseer\src\Effekseer\Effekseer\Effekseer.Server.cpp">
      <Filter>Effekseer</Filter>
    </ClCompile>
    <ClCompile Include="D:\MyLib\GearsLibrary\Modules\Effekseer\src\Effekseer\Effekseer\Effekseer.Socket.cpp">
      <Filter>Effekseer</Filter>
    </ClCompile>
    <ClCompile Include="D:\MyLib\GearsLibrary\Modules\Effekseer\src\Effekseer\Effekseer\Effekseer.Vector2D.cpp">
      <Filter>Effekseer</Filter>
    </ClCompile>
    <ClCompile Include="D:\MyLib\GearsLibrary\Modules\Effekseer\src\Effekseer\Effekseer\Effekseer.Vector3D.cpp">
      <Filter>Effekseer</Filter>
    </ClCompile>
    <ClCompile Include="D:\MyLib\GearsLibrary\Modules\Effekseer\src\Effekseer\Effekseer\Effekseer.WorkerThread.cpp">
      <Filter>Effekseer</Filter>
    </ClCompile>
    <ClCompile Include="D:\MyLib\GearsLibrary\Modules\Effekseer\src\Effekseer\Effekseer\Material\Effekseer.MaterialFile.cpp">
      <Filter>Effekseer\Material</Filter>
    </ClCompile>
    <ClCompile Include="D:\MyLib\GearsLibrary\Modules\Effekseer\src\Effekseer\Effekseer\Material\Effekseer.CompiledMaterial.cpp">
      <Filter>Effekseer\Material</Filter>
    </ClCompile>
    <ClCompile Include="D:\MyLib\GearsLibrary\Modules\Effekseer\src\Effekseer\Effekseer\Material\Effekseer.MaterialCompiler.cpp">
      <Filter>Effekseer\Material</Filter>
    </ClCompile>
    <ClCompile Include="D:\MyLib\GearsLibrary\Modules\Effekseer\src\Effekseer\Effekseer\IO\Effekseer.EfkEfcFactory.cpp">
      <Filter>Effekseer\IO</Filter>
    </ClCompile>
    <ClCompile Include="D:\MyLib\GearsLibrary\Modules\Effekseer\src\Effekseer\Effekseer\Parameter\Easing.cpp">
      <Filter>Effekseer\Parameter</Filter>
    </ClCompile>
    <ClCompile Include="D:\MyLib\GearsLibrary\Modules\Effekseer\src\Effekseer\Effekseer\Parameter\Effekseer.Parameters.cpp">
      <Filter>Effekseer\Parameter</Filter>
    </ClCompile>
    <ClCompile Include="D:\MyLib\GearsLibrary\Modules\Effekseer\src\Effekseer\Effekseer\Parameter\Rotation.cpp">
      <Filter>Effekseer\Parameter</Filter>
    </ClCompile>
    <ClCompile Include="D:\MyLib\GearsLibrary\Modules\Effekseer\src\Effekseer\Effekseer\Utils\Effekseer.CustomAllocator.cpp">
      <Filter>Effekseer\Utils</Filter>
    </ClCompile>
    <ClCompile Include="D:\MyLib\GearsLibrary\Modules\Effekseer\src\Effekseer\Effekseer\SIMD\Mat43f.cpp">
      <Filter>Effekseer\SIMD</Filter>
    </ClCompile>
    <ClCompile Include="D:\MyLib\GearsLibrary\Modules\Effekseer\src\Effekseer\Effekseer\SIMD\Mat44f.cpp">
      <Filter>Effekseer\SIMD</Filter>
    </ClCompile>
    <ClCompile Include="D:\MyLib\GearsLibrary\Modules\Effekseer\src\Effekseer\Effekseer\SIMD\Utils.cpp">
      <Filter>Effekseer\SIMD</Filter>
    </ClCompile>
    <ClCompile Include="D:\MyLib\GearsLibrary\Modules\Effekseer\src\Effekseer\Effekseer\Noise\CurlNoise.cpp">
      <Filter>Effekseer\Noise</Filter>
    </ClCompile>
    <ClCompile Include="D:\MyLib\GearsLibrary\Modules\Effekseer\src\Effekseer\Effekseer\ForceField\ForceFields.cpp">
      <Filter>Effekseer\ForceField</Filter>
    </ClCompile>
    <ClCompile Include="D:\MyLib\GearsLibrary\Modules\Effekseer\src\Effekseer\Effekseer\Model\ProceduralModelGenerator.cpp">
      <Filter>Effekseer\Model</Filter>
    </ClCompile>
    <ClCompile Include="D:\MyLib\GearsLibrary\Modules\Effekseer\src\Effekseer\Effekseer\Model\Model.cpp">
      <Filter>Effekseer\Model</Filter>
    </ClCompile>
    <ClCompile Include="D:\MyLib\GearsLibrary\Modules\Effekseer\src\Effekseer\Effekseer\Model\ModelLoader.cpp">
      <Filter>Effekseer\Model</Filter>
    </ClCompile>
    <ClCompile Include="D:\MyLib\GearsLibrary\Modules\Effekseer\src\Effekseer\Effekseer\Model\SplineGenerator.cpp">
      <Filter>Effekseer\Model</Filter>
    </ClCompile>
  </ItemGroup>
  <ItemGroup>
    <ClInclude Include="D:\MyLib\GearsLibrary\Modules\Effekseer\src\Effekseer\Effekseer.Modules.h" />
    <ClInclude Include="D:\MyLib\GearsLibrary\Modules\Effekseer\src\Effekseer\Effekseer.SIMD.h" />
    <ClInclude Include="D:\MyLib\GearsLibrary\Modules\Effekseer\src\Effekseer\Effekseer.h" />
    <ClInclude Include="D:\MyLib\GearsLibrary\Modules\Effekseer\src\Effekseer\Effekseer\Backend\GraphicsDevice.h">
      <Filter>Effekseer\Backend</Filter>
    </ClInclude>
    <ClInclude Include="D:\MyLib\GearsLibrary\Modules\Effekseer\src\Effekseer\Effekseer\Effekseer.Base.Pre.h">
      <Filter>Effekseer</Filter>
    </ClInclude>
    <ClInclude Include="D:\MyLib\GearsLibrary\Modules\Effekseer\src\Effekseer\Effekseer\Effekseer.Base.h">
      <Filter>Effekseer</Filter>
    </ClInclude>
    <ClInclude Include="D:\MyLib\GearsLibrary\Modules\Effekseer\src\Effekseer\Effekseer\Effekseer.Client.h">
      <Filter>Effekseer</Filter>
    </ClInclude>
    <ClInclude Include="D:\MyLib\GearsLibrary\Modules\Effekseer\src\Effekseer\Effekseer\Effekseer.ClientImplemented.h">
      <Filter>Effekseer</Filter>
    </ClInclude>
    <ClInclude Include="D:\MyLib\GearsLibrary\Modules\Effekseer\src\Effekseer\Effekseer\Effekseer.Color.h">
      <Filter>Effekseer</Filter>
    </ClInclude>
    <ClInclude Include="D:\MyLib\GearsLibrary\Modules\Effekseer\src\Effekseer\Effekseer\Effekseer.Curve.h">
      <Filter>Effekseer</Filter>
    </ClInclude>
    <ClInclude Include="D:\MyLib\GearsLibrary\Modules\Effekseer\src\Effekseer\Effekseer\Effekseer.CurveLoader.h">
      <Filter>Effekseer</Filter>
    </ClInclude>
    <ClInclude Include="D:\MyLib\GearsLibrary\Modules\Effekseer\src\Effekseer\Effekseer\Effekseer.DefaultEffectLoader.h">
      <Filter>Effekseer</Filter>
    </ClInclude>
    <ClInclude Include="D:\MyLib\GearsLibrary\Modules\Effekseer\src\Effekseer\Effekseer\Effekseer.DefaultFile.h">
      <Filter>Effekseer</Filter>
    </ClInclude>
    <ClInclude Include="D:\MyLib\GearsLibrary\Modules\Effekseer\src\Effekseer\Effekseer\Effekseer.Effect.h">
      <Filter>Effekseer</Filter>
    </ClInclude>
    <ClInclude Include="D:\MyLib\GearsLibrary\Modules\Effekseer\src\Effekseer\Effekseer\Effekseer.EffectImplemented.h">
      <Filter>Effekseer</Filter>
    </ClInclude>
    <ClInclude Include="D:\MyLib\GearsLibrary\Modules\Effekseer\src\Effekseer\Effekseer\Effekseer.EffectLoader.h">
      <Filter>Effekseer</Filter>
    </ClInclude>
    <ClInclude Include="D:\MyLib\GearsLibrary\Modules\Effekseer\src\Effekseer\Effekseer\Effekseer.EffectNode.h">
      <Filter>Effekseer</Filter>
    </ClInclude>
    <ClInclude Include="D:\MyLib\GearsLibrary\Modules\Effekseer\src\Effekseer\Effekseer\Effekseer.EffectNodeModel.h">
      <Filter>Effekseer</Filter>
    </ClInclude>
    <ClInclude Include="D:\MyLib\GearsLibrary\Modules\Effekseer\src\Effekseer\Effekseer\Effekseer.EffectNodeRibbon.h">
      <Filter>Effekseer</Filter>
    </ClInclude>
    <ClInclude Include="D:\MyLib\GearsLibrary\Modules\Effekseer\src\Effekseer\Effekseer\Effekseer.EffectNodeRing.h">
      <Filter>Effekseer</Filter>
    </ClInclude>
    <ClInclude Include="D:\MyLib\GearsLibrary\Modules\Effekseer\src\Effekseer\Effekseer\Effekseer.EffectNodeRoot.h">
      <Filter>Effekseer</Filter>
    </ClInclude>
    <ClInclude Include="D:\MyLib\GearsLibrary\Modules\Effekseer\src\Effekseer\Effekseer\Effekseer.EffectNodeSprite.h">
      <Filter>Effekseer</Filter>
    </ClInclude>
    <ClInclude Include="D:\MyLib\GearsLibrary\Modules\Effekseer\src\Effekseer\Effekseer\Effekseer.EffectNodeTrack.h">
      <Filter>Effekseer</Filter>
    </ClInclude>
    <ClInclude Include="D:\MyLib\GearsLibrary\Modules\Effekseer\src\Effekseer\Effekseer\Effekseer.FCurves.h">
      <Filter>Effekseer</Filter>
    </ClInclude>
    <ClInclude Include="D:\MyLib\GearsLibrary\Modules\Effekseer\src\Effekseer\Effekseer\Effekseer.File.h">
      <Filter>Effekseer</Filter>
    </ClInclude>
    <ClInclude Include="D:\MyLib\GearsLibrary\Modules\Effekseer\src\Effekseer\Effekseer\Effekseer.Instance.h">
      <Filter>Effekseer</Filter>
    </ClInclude>
    <ClInclude Include="D:\MyLib\GearsLibrary\Modules\Effekseer\src\Effekseer\Effekseer\Effekseer.InstanceChunk.h">
      <Filter>Effekseer</Filter>
    </ClInclude>
    <ClInclude Include="D:\MyLib\GearsLibrary\Modules\Effekseer\src\Effekseer\Effekseer\Effekseer.InstanceContainer.h">
      <Filter>Effekseer</Filter>
    </ClInclude>
    <ClInclude Include="D:\MyLib\GearsLibrary\Modules\Effekseer\src\Effekseer\Effekseer\Effekseer.InstanceGlobal.h">
      <Filter>Effekseer</Filter>
    </ClInclude>
    <ClInclude Include="D:\MyLib\GearsLibrary\Modules\Effekseer\src\Effekseer\Effekseer\Effekseer.InstanceGroup.h">
      <Filter>Effekseer</Filter>
    </ClInclude>
    <ClInclude Include="D:\MyLib\GearsLibrary\Modules\Effekseer\src\Effekseer\Effekseer\Effekseer.InternalScript.h">
      <Filter>Effekseer</Filter>
    </ClInclude>
    <ClInclude Include="D:\MyLib\GearsLibrary\Modules\Effekseer\src\Effekseer\Effekseer\Effekseer.InternalStruct.h">
      <Filter>Effekseer</Filter>
    </ClInclude>
    <ClInclude Include="D:\MyLib\GearsLibrary\Modules\Effekseer\src\Effekseer\Effekseer\Effekseer.IntrusiveList.h">
      <Filter>Effekseer</Filter>
    </ClInclude>
    <ClInclude Include="D:\MyLib\GearsLibrary\Modules\Effekseer\src\Effekseer\Effekseer\Effekseer.Manager.h">
      <Filter>Effekseer</Filter>
    </ClInclude>
    <ClInclude Include="D:\MyLib\GearsLibrary\Modules\Effekseer\src\Effekseer\Effekseer\Effekseer.ManagerImplemented.h">
      <Filter>Effekseer</Filter>
    </ClInclude>
    <ClInclude Include="D:\MyLib\GearsLibrary\Modules\Effekseer\src\Effekseer\Effekseer\Effekseer.MaterialLoader.h">
      <Filter>Effekseer</Filter>
    </ClInclude>
    <ClInclude Include="D:\MyLib\GearsLibrary\Modules\Effekseer\src\Effekseer\Effekseer\Effekseer.Math.h">
      <Filter>Effekseer</Filter>
    </ClInclude>
    <ClInclude Include="D:\MyLib\GearsLibrary\Modules\Effekseer\src\Effekseer\Effekseer\Effekseer.Matrix43.h">
      <Filter>Effekseer</Filter>
    </ClInclude>
    <ClInclude Include="D:\MyLib\GearsLibrary\Modules\Effekseer\src\Effekseer\Effekseer\Effekseer.Matrix44.h">
      <Filter>Effekseer</Filter>
    </ClInclude>
    <ClInclude Include="D:\MyLib\GearsLibrary\Modules\Effekseer\src\Effekseer\Effekseer\Effekseer.Random.h">
      <Filter>Effekseer</Filter>
    </ClInclude>
    <ClInclude Include="D:\MyLib\GearsLibrary\Modules\Effekseer\src\Effekseer\Effekseer\Effekseer.RectF.h">
      <Filter>Effekseer</Filter>
    </ClInclude>
    <ClInclude Include="D:\MyLib\GearsLibrary\Modules\Effekseer\src\Effekseer\Effekseer\Effekseer.Resource.h">
      <Filter>Effekseer</Filter>
    </ClInclude>
    <ClInclude Include="D:\MyLib\GearsLibrary\Modules\Effekseer\src\Effekseer\Effekseer\Effekseer.ResourceManager.h">
      <Filter>Effekseer</Filter>
    </ClInclude>
    <ClInclude Include="D:\MyLib\GearsLibrary\Modules\Effekseer\src\Effekseer\Effekseer\Effekseer.Server.h">
      <Filter>Effekseer</Filter>
    </ClInclude>
    <ClInclude Include="D:\MyLib\GearsLibrary\Modules\Effekseer\src\Effekseer\Effekseer\Effekseer.ServerImplemented.h">
      <Filter>Effekseer</Filter>
    </ClInclude>
    <ClInclude Include="D:\MyLib\GearsLibrary\Modules\Effekseer\src\Effekseer\Effekseer\Effekseer.Setting.h">
      <Filter>Effekseer</Filter>
    </ClInclude>
    <ClInclude Include="D:\MyLib\GearsLibrary\Modules\Effekseer\src\Effekseer\Effekseer\Effekseer.Socket.h">
      <Filter>Effekseer</Filter>
    </ClInclude>
    <ClInclude Include="D:\MyLib\GearsLibrary\Modules\Effekseer\src\Effekseer\Effekseer\Effekseer.SoundLoader.h">
      <Filter>Effekseer</Filter>
    </ClInclude>
    <ClInclude Include="D:\MyLib\GearsLibrary\Modules\Effekseer\src\Effekseer\Effekseer\Effekseer.TextureLoader.h">
      <Filter>Effekseer</Filter>
    </ClInclude>
    <ClInclude Include="D:\MyLib\GearsLibrary\Modules\Effekseer\src\Effekseer\Effekseer\Effekseer.Vector2D.h">
      <Filter>Effekseer</Filter>
    </ClInclude>
    <ClInclude Include="D:\MyLib\GearsLibrary\Modules\Effekseer\src\Effekseer\Effekseer\Effekseer.Vector3D.h">
      <Filter>Effekseer</Filter>
    </ClInclude>
    <ClInclude Include="D:\MyLib\GearsLibrary\Modules\Effekseer\src\Effekseer\Effekseer\Effekseer.WorkerThread.h">
      <Filter>Effekseer</Filter>
    </ClInclude>
    <ClInclude Include="D:\MyLib\GearsLibrary\Modules\Effekseer\src\Effekseer\Effekseer\ForceField\ForceFields.h">
      <Filter>Effekseer\ForceField</Filter>
    </ClInclude>
    <ClInclude Include="D:\MyLib\GearsLibrary\Modules\Effekseer\src\Effekseer\Effekseer\IO\Effekseer.EfkEfcFactory.h">
      <Filter>Effekseer\IO</Filter>
    </ClInclude>
    <ClInclude Include="D:\MyLib\GearsLibrary\Modules\Effekseer\src\Effekseer\Effekseer\Material\Effekseer.CompiledMaterial.h">
      <Filter>Effekseer\Material</Filter>
    </ClInclude>
    <ClInclude Include="D:\MyLib\GearsLibrary\Modules\Effekseer\src\Effekseer\Effekseer\Material\Effekseer.MaterialCompiler.h">
      <Filter>Effekseer\Material</Filter>
    </ClInclude>
    <ClInclude Include="D:\MyLib\GearsLibrary\Modules\Effekseer\src\Effekseer\Effekseer\Material\Effekseer.MaterialFile.h">
      <Filter>Effekseer\Material</Filter>
    </ClInclude>
    <ClInclude Include="D:\MyLib\GearsLibrary\Modules\Effekseer\src\Effekseer\Effekseer\Model\Model.h">
      <Filter>Effekseer\Model</Filter>
    </ClInclude>
    <ClInclude Include="D:\MyLib\GearsLibrary\Modules\Effekseer\src\Effekseer\Effekseer\Model\ModelLoader.h">
      <Filter>Effekseer\Model</Filter>
    </ClInclude>
    <ClInclude Include="D:\MyLib\GearsLibrary\Modules\Effekseer\src\Effekseer\Effekseer\Model\ProceduralModelGenerator.h">
      <Filter>Effekseer\Model</Filter>
    </ClInclude>
    <ClInclude Include="D:\MyLib\GearsLibrary\Modules\Effekseer\src\Effekseer\Effekseer\Model\ProceduralModelParameter.h">
      <Filter>Effekseer\Model</Filter>
    </ClInclude>
    <ClInclude Include="D:\MyLib\GearsLibrary\Modules\Effekseer\src\Effekseer\Effekseer\Model\SplineGenerator.h">
      <Filter>Effekseer\Model</Filter>
    </ClInclude>
    <ClInclude Include="D:\MyLib\GearsLibrary\Modules\Effekseer\src\Effekseer\Effekseer\Noise\CurlNoise.h">
      <Filter>Effekseer\Noise</Filter>
    </ClInclude>
    <ClInclude Include="D:\MyLib\GearsLibrary\Modules\Effekseer\src\Effekseer\Effekseer\Noise\PerlinNoise.h">
      <Filter>Effekseer\Noise</Filter>
    </ClInclude>
    <ClInclude Include="D:\MyLib\GearsLibrary\Modules\Effekseer\src\Effekseer\Effekseer\Parameter\AllTypeColor.h">
      <Filter>Effekseer\Parameter</Filter>
    </ClInclude>
    <ClInclude Include="D:\MyLib\GearsLibrary\Modules\Effekseer\src\Effekseer\Effekseer\Parameter\AlphaCutoff.h">
      <Filter>Effekseer\Parameter</Filter>
    </ClInclude>
    <ClInclude Include="D:\MyLib\GearsLibrary\Modules\Effekseer\src\Effekseer\Effekseer\Parameter\CustomData.h">
      <Filter>Effekseer\Parameter</Filter>
    </ClInclude>
    <ClInclude Include="D:\MyLib\GearsLibrary\Modules\Effekseer\src\Effekseer\Effekseer\Parameter\DynamicParameter.h">
      <Filter>Effekseer\Parameter</Filter>
    </ClInclude>
    <ClInclude Include="D:\MyLib\GearsLibrary\Modules\Effekseer\src\Effekseer\Effekseer\Parameter\Easing.h">
      <Filter>Effekseer\Parameter</Filter>
    </ClInclude>
    <ClInclude Include="D:\MyLib\GearsLibrary\Modules\Effekseer\src\Effekseer\Effekseer\Parameter\Effekseer.Parameters.h">
      <Filter>Effekseer\Parameter</Filter>
    </ClInclude>
    <ClInclude Include="D:\MyLib\GearsLibrary\Modules\Effekseer\src\Effekseer\Effekseer\Parameter\Rotation.h">
      <Filter>Effekseer\Parameter</Filter>
    </ClInclude>
    <ClInclude Include="D:\MyLib\GearsLibrary\Modules\Effekseer\src\Effekseer\Effekseer\Parameter\Scaling.h">
      <Filter>Effekseer\Parameter</Filter>
    </ClInclude>
    <ClInclude Include="D:\MyLib\GearsLibrary\Modules\Effekseer\src\Effekseer\Effekseer\Parameter\SpawnMethod.h">
      <Filter>Effekseer\Parameter</Filter>
    </ClInclude>
    <ClInclude Include="D:\MyLib\GearsLibrary\Modules\Effekseer\src\Effekseer\Effekseer\Parameter\Translation.h">
      <Filter>Effekseer\Parameter</Filter>
    </ClInclude>
    <ClInclude Include="D:\MyLib\GearsLibrary\Modules\Effekseer\src\Effekseer\Effekseer\Parameter\UV.h">
      <Filter>Effekseer\Parameter</Filter>
    </ClInclude>
    <ClInclude Include="D:\MyLib\GearsLibrary\Modules\Effekseer\src\Effekseer\Effekseer\Renderer\Effekseer.ModelRenderer.h">
      <Filter>Effekseer\Renderer</Filter>
    </ClInclude>
    <ClInclude Include="D:\MyLib\GearsLibrary\Modules\Effekseer\src\Effekseer\Effekseer\Renderer\Effekseer.ParticleRenderer.h">
      <Filter>Effekseer\Renderer</Filter>
    </ClInclude>
    <ClInclude Include="D:\MyLib\GearsLibrary\Modules\Effekseer\src\Effekseer\Effekseer\Renderer\Effekseer.RibbonRenderer.h">
      <Filter>Effekseer\Renderer</Filter>
    </ClInclude>
    <ClInclude Include="D:\MyLib\GearsLibrary\Modules\Effekseer\src\Effekseer\Effekseer\Renderer\Effekseer.RingRenderer.h">
      <Filter>Effekseer\Renderer</Filter>
    </ClInclude>
    <ClInclude Include="D:\MyLib\GearsLibrary\Modules\Effekseer\src\Effekseer\Effekseer\Renderer\Effekseer.SpriteRenderer.h">
      <Filter>Effekseer\Renderer</Filter>
    </ClInclude>
    <ClInclude Include="D:\MyLib\GearsLibrary\Modules\Effekseer\src\Effekseer\Effekseer\Renderer\Effekseer.TrackRenderer.h">
      <Filter>Effekseer\Renderer</Filter>
    </ClInclude>
    <ClInclude Include="D:\MyLib\GearsLibrary\Modules\Effekseer\src\Effekseer\Effekseer\Utils\BinaryVersion.h">
      <Filter>Effekseer\Utils</Filter>
    </ClInclude>
    <ClInclude Include="D:\MyLib\GearsLibrary\Modules\Effekseer\src\Effekseer\Effekseer\Utils\Compatiblity.h">
      <Filter>Effekseer\Utils</Filter>
    </ClInclude>
    <ClInclude Include="D:\MyLib\GearsLibrary\Modules\Effekseer\src\Effekseer\Effekseer\Utils\Effekseer.BinaryReader.h">
      <Filter>Effekseer\Utils</Filter>
    </ClInclude>
    <ClInclude Include="D:\MyLib\GearsLibrary\Modules\Effekseer\src\Effekseer\Effekseer\Utils\Effekseer.CustomAllocator.h">
      <Filter>Effekseer\Utils</Filter>
    </ClInclude>
    <ClInclude Include="D:\MyLib\GearsLibrary\Modules\Effekseer\src\Effekseer\Effekseer\Utils\Profiler.h">
      <Filter>Effekseer\Utils</Filter>
    </ClInclude>
  </ItemGroup>
  <ItemGroup>
    <CustomBuild Include="D:\MyLib\GearsLibrary\Modules\Effekseer\src\Effekseer\CMakeLists.txt" />
  </ItemGroup>
  <ItemGroup>
    <Filter Include="Effekseer">
      <UniqueIdentifier>{F567A7CE-D7E6-3BD6-966F-6634D35C1756}</UniqueIdentifier>
    </Filter>
    <Filter Include="Effekseer\Backend">
      <UniqueIdentifier>{38E27A4D-9D80-37FF-A1F4-B9876488D6E4}</UniqueIdentifier>
    </Filter>
    <Filter Include="Effekseer\ForceField">
      <UniqueIdentifier>{B94C294F-F613-3CAB-9337-76DA13351BF1}</UniqueIdentifier>
    </Filter>
    <Filter Include="Effekseer\IO">
      <UniqueIdentifier>{15B2D6C6-3EFC-3019-8E7C-988C3C0682B4}</UniqueIdentifier>
    </Filter>
    <Filter Include="Effekseer\Material">
      <UniqueIdentifier>{796C660D-1C40-3F77-BEE7-7DEA7BFD6A73}</UniqueIdentifier>
    </Filter>
    <Filter Include="Effekseer\Model">
      <UniqueIdentifier>{C8A48984-9A98-32B7-8BB2-AC6F2F55A55A}</UniqueIdentifier>
    </Filter>
    <Filter Include="Effekseer\Noise">
      <UniqueIdentifier>{2FA96FA1-481F-3ECF-86C7-8BC5868584F4}</UniqueIdentifier>
    </Filter>
    <Filter Include="Effekseer\Parameter">
      <UniqueIdentifier>{06A12202-F251-3B1B-9C2D-B9B621F282D4}</UniqueIdentifier>
    </Filter>
    <Filter Include="Effekseer\Renderer">
      <UniqueIdentifier>{9B1D0E28-30F7-3917-84DC-AE512873A5D6}</UniqueIdentifier>
    </Filter>
    <Filter Include="Effekseer\SIMD">
      <UniqueIdentifier>{E4FC2FF6-40FA-3616-AB48-B9F564947C64}</UniqueIdentifier>
    </Filter>
    <Filter Include="Effekseer\Utils">
      <UniqueIdentifier>{B8D630CF-0B1D-3FBB-9D01-3232E5C5D3AE}</UniqueIdentifier>
    </Filter>
  </ItemGroup>
</Project>
