
Microsoft Visual Studio Solution File, Format Version 12.00
# Visual Studio Version 17
Project("{8BC9CEB8-8B4A-11D0-8D11-00A0C91BC942}") = "ALL_BUILD", "ALL_BUILD.vcxproj", "{667FDE51-E705-3978-A9AB-6A7541E41275}"
	ProjectSection(ProjectDependencies) = postProject
		{3CBE7D06-25CE-3207-8C7A-52933A4EFA73} = {3CBE7D06-25CE-3207-8C7A-52933A4EFA73}
		{50C3DE14-5DDF-390B-9C88-7775A642D233} = {50C3DE14-5DDF-390B-9C88-7775A642D233}
		{9E6D8682-0582-3085-8B79-25FD135722C3} = {9E6D8682-0582-3085-8B79-25FD135722C3}
		{62BCEFAD-A33C-36E1-87E7-FBCC65A60E76} = {62BCEFAD-A33C-36E1-87E7-FBCC65A60E76}
		{38169118-E33B-30F4-A8AE-E95591410BB8} = {38169118-E33B-30F4-A8AE-E95591410BB8}
		{3523A643-1228-33C6-9745-879B5A6E7D30} = {3523A643-1228-33C6-9745-879B5A6E7D30}
	EndProjectSection
EndProject
Project("{8BC9CEB8-8B4A-11D0-8D11-00A0C91BC942}") = "Effekseer", "src\Effekseer\Effekseer.vcxproj", "{3CBE7D06-25CE-3207-8C7A-52933A4EFA73}"
	ProjectSection(ProjectDependencies) = postProject
		{3523A643-1228-33C6-9745-879B5A6E7D30} = {3523A643-1228-33C6-9745-879B5A6E7D30}
	EndProjectSection
EndProject
Project("{8BC9CEB8-8B4A-11D0-8D11-00A0C91BC942}") = "EffekseerRendererDX12", "src\EffekseerRendererDX12\EffekseerRendererDX12.vcxproj", "{50C3DE14-5DDF-390B-9C88-7775A642D233}"
	ProjectSection(ProjectDependencies) = postProject
		{3CBE7D06-25CE-3207-8C7A-52933A4EFA73} = {3CBE7D06-25CE-3207-8C7A-52933A4EFA73}
		{38169118-E33B-30F4-A8AE-E95591410BB8} = {38169118-E33B-30F4-A8AE-E95591410BB8}
		{3523A643-1228-33C6-9745-879B5A6E7D30} = {3523A643-1228-33C6-9745-879B5A6E7D30}
	EndProjectSection
EndProject
Project("{8BC9CEB8-8B4A-11D0-8D11-00A0C91BC942}") = "EffekseerSoundDSound", "src\EffekseerSoundDSound\EffekseerSoundDSound.vcxproj", "{9E6D8682-0582-3085-8B79-25FD135722C3}"
	ProjectSection(ProjectDependencies) = postProject
		{3523A643-1228-33C6-9745-879B5A6E7D30} = {3523A643-1228-33C6-9745-879B5A6E7D30}
	EndProjectSection
EndProject
Project("{8BC9CEB8-8B4A-11D0-8D11-00A0C91BC942}") = "EffekseerSoundXAudio2", "src\EffekseerSoundXAudio2\EffekseerSoundXAudio2.vcxproj", "{62BCEFAD-A33C-36E1-87E7-FBCC65A60E76}"
	ProjectSection(ProjectDependencies) = postProject
		{3523A643-1228-33C6-9745-879B5A6E7D30} = {3523A643-1228-33C6-9745-879B5A6E7D30}
	EndProjectSection
EndProject
Project("{8BC9CEB8-8B4A-11D0-8D11-00A0C91BC942}") = "INSTALL", "INSTALL.vcxproj", "{174A0BE3-5467-35B1-9680-4F944D7DABDF}"
	ProjectSection(ProjectDependencies) = postProject
		{667FDE51-E705-3978-A9AB-6A7541E41275} = {667FDE51-E705-3978-A9AB-6A7541E41275}
		{3523A643-1228-33C6-9745-879B5A6E7D30} = {3523A643-1228-33C6-9745-879B5A6E7D30}
	EndProjectSection
EndProject
Project("{8BC9CEB8-8B4A-11D0-8D11-00A0C91BC942}") = "LLGI", "src\3rdParty\LLGI\src\LLGI.vcxproj", "{38169118-E33B-30F4-A8AE-E95591410BB8}"
	ProjectSection(ProjectDependencies) = postProject
		{3523A643-1228-33C6-9745-879B5A6E7D30} = {3523A643-1228-33C6-9745-879B5A6E7D30}
	EndProjectSection
EndProject
Project("{8BC9CEB8-8B4A-11D0-8D11-00A0C91BC942}") = "ZERO_CHECK", "ZERO_CHECK.vcxproj", "{3523A643-1228-33C6-9745-879B5A6E7D30}"
	ProjectSection(ProjectDependencies) = postProject
	EndProjectSection
EndProject
Global
	GlobalSection(SolutionConfigurationPlatforms) = preSolution
		Debug|x64 = Debug|x64
		Release|x64 = Release|x64
		MinSizeRel|x64 = MinSizeRel|x64
		RelWithDebInfo|x64 = RelWithDebInfo|x64
	EndGlobalSection
	GlobalSection(ProjectConfigurationPlatforms) = postSolution
		{667FDE51-E705-3978-A9AB-6A7541E41275}.Debug|x64.ActiveCfg = Debug|x64
		{667FDE51-E705-3978-A9AB-6A7541E41275}.Debug|x64.Build.0 = Debug|x64
		{667FDE51-E705-3978-A9AB-6A7541E41275}.Release|x64.ActiveCfg = Release|x64
		{667FDE51-E705-3978-A9AB-6A7541E41275}.Release|x64.Build.0 = Release|x64
		{667FDE51-E705-3978-A9AB-6A7541E41275}.MinSizeRel|x64.ActiveCfg = MinSizeRel|x64
		{667FDE51-E705-3978-A9AB-6A7541E41275}.MinSizeRel|x64.Build.0 = MinSizeRel|x64
		{667FDE51-E705-3978-A9AB-6A7541E41275}.RelWithDebInfo|x64.ActiveCfg = RelWithDebInfo|x64
		{667FDE51-E705-3978-A9AB-6A7541E41275}.RelWithDebInfo|x64.Build.0 = RelWithDebInfo|x64
		{3CBE7D06-25CE-3207-8C7A-52933A4EFA73}.Debug|x64.ActiveCfg = Debug|x64
		{3CBE7D06-25CE-3207-8C7A-52933A4EFA73}.Debug|x64.Build.0 = Debug|x64
		{3CBE7D06-25CE-3207-8C7A-52933A4EFA73}.Release|x64.ActiveCfg = Release|x64
		{3CBE7D06-25CE-3207-8C7A-52933A4EFA73}.Release|x64.Build.0 = Release|x64
		{3CBE7D06-25CE-3207-8C7A-52933A4EFA73}.MinSizeRel|x64.ActiveCfg = MinSizeRel|x64
		{3CBE7D06-25CE-3207-8C7A-52933A4EFA73}.MinSizeRel|x64.Build.0 = MinSizeRel|x64
		{3CBE7D06-25CE-3207-8C7A-52933A4EFA73}.RelWithDebInfo|x64.ActiveCfg = RelWithDebInfo|x64
		{3CBE7D06-25CE-3207-8C7A-52933A4EFA73}.RelWithDebInfo|x64.Build.0 = RelWithDebInfo|x64
		{50C3DE14-5DDF-390B-9C88-7775A642D233}.Debug|x64.ActiveCfg = Debug|x64
		{50C3DE14-5DDF-390B-9C88-7775A642D233}.Debug|x64.Build.0 = Debug|x64
		{50C3DE14-5DDF-390B-9C88-7775A642D233}.Release|x64.ActiveCfg = Release|x64
		{50C3DE14-5DDF-390B-9C88-7775A642D233}.Release|x64.Build.0 = Release|x64
		{50C3DE14-5DDF-390B-9C88-7775A642D233}.MinSizeRel|x64.ActiveCfg = MinSizeRel|x64
		{50C3DE14-5DDF-390B-9C88-7775A642D233}.MinSizeRel|x64.Build.0 = MinSizeRel|x64
		{50C3DE14-5DDF-390B-9C88-7775A642D233}.RelWithDebInfo|x64.ActiveCfg = RelWithDebInfo|x64
		{50C3DE14-5DDF-390B-9C88-7775A642D233}.RelWithDebInfo|x64.Build.0 = RelWithDebInfo|x64
		{9E6D8682-0582-3085-8B79-25FD135722C3}.Debug|x64.ActiveCfg = Debug|x64
		{9E6D8682-0582-3085-8B79-25FD135722C3}.Debug|x64.Build.0 = Debug|x64
		{9E6D8682-0582-3085-8B79-25FD135722C3}.Release|x64.ActiveCfg = Release|x64
		{9E6D8682-0582-3085-8B79-25FD135722C3}.Release|x64.Build.0 = Release|x64
		{9E6D8682-0582-3085-8B79-25FD135722C3}.MinSizeRel|x64.ActiveCfg = MinSizeRel|x64
		{9E6D8682-0582-3085-8B79-25FD135722C3}.MinSizeRel|x64.Build.0 = MinSizeRel|x64
		{9E6D8682-0582-3085-8B79-25FD135722C3}.RelWithDebInfo|x64.ActiveCfg = RelWithDebInfo|x64
		{9E6D8682-0582-3085-8B79-25FD135722C3}.RelWithDebInfo|x64.Build.0 = RelWithDebInfo|x64
		{62BCEFAD-A33C-36E1-87E7-FBCC65A60E76}.Debug|x64.ActiveCfg = Debug|x64
		{62BCEFAD-A33C-36E1-87E7-FBCC65A60E76}.Debug|x64.Build.0 = Debug|x64
		{62BCEFAD-A33C-36E1-87E7-FBCC65A60E76}.Release|x64.ActiveCfg = Release|x64
		{62BCEFAD-A33C-36E1-87E7-FBCC65A60E76}.Release|x64.Build.0 = Release|x64
		{62BCEFAD-A33C-36E1-87E7-FBCC65A60E76}.MinSizeRel|x64.ActiveCfg = MinSizeRel|x64
		{62BCEFAD-A33C-36E1-87E7-FBCC65A60E76}.MinSizeRel|x64.Build.0 = MinSizeRel|x64
		{62BCEFAD-A33C-36E1-87E7-FBCC65A60E76}.RelWithDebInfo|x64.ActiveCfg = RelWithDebInfo|x64
		{62BCEFAD-A33C-36E1-87E7-FBCC65A60E76}.RelWithDebInfo|x64.Build.0 = RelWithDebInfo|x64
		{174A0BE3-5467-35B1-9680-4F944D7DABDF}.Debug|x64.ActiveCfg = Debug|x64
		{174A0BE3-5467-35B1-9680-4F944D7DABDF}.Release|x64.ActiveCfg = Release|x64
		{174A0BE3-5467-35B1-9680-4F944D7DABDF}.MinSizeRel|x64.ActiveCfg = MinSizeRel|x64
		{174A0BE3-5467-35B1-9680-4F944D7DABDF}.RelWithDebInfo|x64.ActiveCfg = RelWithDebInfo|x64
		{38169118-E33B-30F4-A8AE-E95591410BB8}.Debug|x64.ActiveCfg = Debug|x64
		{38169118-E33B-30F4-A8AE-E95591410BB8}.Debug|x64.Build.0 = Debug|x64
		{38169118-E33B-30F4-A8AE-E95591410BB8}.Release|x64.ActiveCfg = Release|x64
		{38169118-E33B-30F4-A8AE-E95591410BB8}.Release|x64.Build.0 = Release|x64
		{38169118-E33B-30F4-A8AE-E95591410BB8}.MinSizeRel|x64.ActiveCfg = MinSizeRel|x64
		{38169118-E33B-30F4-A8AE-E95591410BB8}.MinSizeRel|x64.Build.0 = MinSizeRel|x64
		{38169118-E33B-30F4-A8AE-E95591410BB8}.RelWithDebInfo|x64.ActiveCfg = RelWithDebInfo|x64
		{38169118-E33B-30F4-A8AE-E95591410BB8}.RelWithDebInfo|x64.Build.0 = RelWithDebInfo|x64
		{3523A643-1228-33C6-9745-879B5A6E7D30}.Debug|x64.ActiveCfg = Debug|x64
		{3523A643-1228-33C6-9745-879B5A6E7D30}.Debug|x64.Build.0 = Debug|x64
		{3523A643-1228-33C6-9745-879B5A6E7D30}.Release|x64.ActiveCfg = Release|x64
		{3523A643-1228-33C6-9745-879B5A6E7D30}.Release|x64.Build.0 = Release|x64
		{3523A643-1228-33C6-9745-879B5A6E7D30}.MinSizeRel|x64.ActiveCfg = MinSizeRel|x64
		{3523A643-1228-33C6-9745-879B5A6E7D30}.MinSizeRel|x64.Build.0 = MinSizeRel|x64
		{3523A643-1228-33C6-9745-879B5A6E7D30}.RelWithDebInfo|x64.ActiveCfg = RelWithDebInfo|x64
		{3523A643-1228-33C6-9745-879B5A6E7D30}.RelWithDebInfo|x64.Build.0 = RelWithDebInfo|x64
	EndGlobalSection
	GlobalSection(ExtensibilityGlobals) = postSolution
		SolutionGuid = {3DB0F753-3043-30DE-B83E-C8412FDDE289}
	EndGlobalSection
	GlobalSection(ExtensibilityAddIns) = postSolution
	EndGlobalSection
EndGlobal
