<?xml version="1.0" encoding="utf-8"?>
<Project ToolsVersion="17.0" xmlns="http://schemas.microsoft.com/developer/msbuild/2003">
  <ItemGroup>
    <ClCompile Include="D:\MyLib\GearsLibrary\Modules\Effekseer\src\EffekseerRendererCommon\EffekseerRenderer.CommonUtils.cpp">
      <Filter>EffekseerRendererCommon</Filter>
    </ClCompile>
    <ClCompile Include="D:\MyLib\GearsLibrary\Modules\Effekseer\src\EffekseerRendererCommon\EffekseerRenderer.DDSTextureLoader.cpp">
      <Filter>EffekseerRendererCommon</Filter>
    </ClCompile>
    <ClCompile Include="D:\MyLib\GearsLibrary\Modules\Effekseer\src\EffekseerRendererCommon\EffekseerRenderer.IndexBufferBase.cpp">
      <Filter>EffekseerRendererCommon</Filter>
    </ClCompile>
    <ClCompile Include="D:\MyLib\GearsLibrary\Modules\Effekseer\src\EffekseerRendererCommon\EffekseerRenderer.ModelRendererBase.cpp">
      <Filter>EffekseerRendererCommon</Filter>
    </ClCompile>
    <ClCompile Include="D:\MyLib\GearsLibrary\Modules\Effekseer\src\EffekseerRendererCommon\EffekseerRenderer.PngTextureLoader.cpp">
      <Filter>EffekseerRendererCommon</Filter>
    </ClCompile>
    <ClCompile Include="D:\MyLib\GearsLibrary\Modules\Effekseer\src\EffekseerRendererCommon\EffekseerRenderer.RenderStateBase.cpp">
      <Filter>EffekseerRendererCommon</Filter>
    </ClCompile>
    <ClCompile Include="D:\MyLib\GearsLibrary\Modules\Effekseer\src\EffekseerRendererCommon\EffekseerRenderer.Renderer.cpp">
      <Filter>EffekseerRendererCommon</Filter>
    </ClCompile>
    <ClCompile Include="D:\MyLib\GearsLibrary\Modules\Effekseer\src\EffekseerRendererCommon\EffekseerRenderer.Renderer_Impl.cpp">
      <Filter>EffekseerRendererCommon</Filter>
    </ClCompile>
    <ClCompile Include="D:\MyLib\GearsLibrary\Modules\Effekseer\src\EffekseerRendererCommon\EffekseerRenderer.RibbonRendererBase.cpp">
      <Filter>EffekseerRendererCommon</Filter>
    </ClCompile>
    <ClCompile Include="D:\MyLib\GearsLibrary\Modules\Effekseer\src\EffekseerRendererCommon\EffekseerRenderer.RingRendererBase.cpp">
      <Filter>EffekseerRendererCommon</Filter>
    </ClCompile>
    <ClCompile Include="D:\MyLib\GearsLibrary\Modules\Effekseer\src\EffekseerRendererCommon\EffekseerRenderer.SpriteRendererBase.cpp">
      <Filter>EffekseerRendererCommon</Filter>
    </ClCompile>
    <ClCompile Include="D:\MyLib\GearsLibrary\Modules\Effekseer\src\EffekseerRendererCommon\EffekseerRenderer.TGATextureLoader.cpp">
      <Filter>EffekseerRendererCommon</Filter>
    </ClCompile>
    <ClCompile Include="D:\MyLib\GearsLibrary\Modules\Effekseer\src\EffekseerRendererCommon\EffekseerRenderer.TrackRendererBase.cpp">
      <Filter>EffekseerRendererCommon</Filter>
    </ClCompile>
    <ClCompile Include="D:\MyLib\GearsLibrary\Modules\Effekseer\src\EffekseerRendererCommon\EffekseerRenderer.VertexBufferBase.cpp">
      <Filter>EffekseerRendererCommon</Filter>
    </ClCompile>
    <ClCompile Include="D:\MyLib\GearsLibrary\Modules\Effekseer\src\EffekseerRendererCommon\ModelLoader.cpp">
      <Filter>EffekseerRendererCommon</Filter>
    </ClCompile>
    <ClCompile Include="D:\MyLib\GearsLibrary\Modules\Effekseer\src\EffekseerRendererCommon\TextureLoader.cpp">
      <Filter>EffekseerRendererCommon</Filter>
    </ClCompile>
    <ClCompile Include="D:\MyLib\GearsLibrary\Modules\Effekseer\src\EffekseerRendererDX12\EffekseerRenderer\EffekseerRendererDX12.Renderer.cpp">
      <Filter>EffekseerRenderer</Filter>
    </ClCompile>
    <ClCompile Include="D:\MyLib\GearsLibrary\Modules\Effekseer\src\EffekseerMaterialCompiler\DirectX12\EffekseerMaterialCompilerDX12.cpp">
      <Filter>..\EffekseerMaterialCompiler\DirectX12</Filter>
    </ClCompile>
    <ClCompile Include="D:\MyLib\GearsLibrary\Modules\Effekseer\src\EffekseerMaterialCompiler\HLSLGenerator\ShaderGenerator.cpp">
      <Filter>..\EffekseerMaterialCompiler\HLSLGenerator</Filter>
    </ClCompile>
    <ClCompile Include="D:\MyLib\GearsLibrary\Modules\Effekseer\src\EffekseerMaterialCompiler\Common\ShaderGeneratorCommon.cpp">
      <Filter>..\EffekseerMaterialCompiler\Common</Filter>
    </ClCompile>
    <ClCompile Include="D:\MyLib\GearsLibrary\Modules\Effekseer\src\EffekseerRendererLLGI\Common.cpp">
      <Filter>EffekseerRendererLLGI</Filter>
    </ClCompile>
    <ClCompile Include="D:\MyLib\GearsLibrary\Modules\Effekseer\src\EffekseerRendererLLGI\EffekseerRendererLLGI.DeviceObject.cpp">
      <Filter>EffekseerRendererLLGI</Filter>
    </ClCompile>
    <ClCompile Include="D:\MyLib\GearsLibrary\Modules\Effekseer\src\EffekseerRendererLLGI\EffekseerRendererLLGI.IndexBuffer.cpp">
      <Filter>EffekseerRendererLLGI</Filter>
    </ClCompile>
    <ClCompile Include="D:\MyLib\GearsLibrary\Modules\Effekseer\src\EffekseerRendererLLGI\EffekseerRendererLLGI.MaterialLoader.cpp">
      <Filter>EffekseerRendererLLGI</Filter>
    </ClCompile>
    <ClCompile Include="D:\MyLib\GearsLibrary\Modules\Effekseer\src\EffekseerRendererLLGI\EffekseerRendererLLGI.ModelRenderer.cpp">
      <Filter>EffekseerRendererLLGI</Filter>
    </ClCompile>
    <ClCompile Include="D:\MyLib\GearsLibrary\Modules\Effekseer\src\EffekseerRendererLLGI\EffekseerRendererLLGI.RenderState.cpp">
      <Filter>EffekseerRendererLLGI</Filter>
    </ClCompile>
    <ClCompile Include="D:\MyLib\GearsLibrary\Modules\Effekseer\src\EffekseerRendererLLGI\EffekseerRendererLLGI.Renderer.cpp">
      <Filter>EffekseerRendererLLGI</Filter>
    </ClCompile>
    <ClCompile Include="D:\MyLib\GearsLibrary\Modules\Effekseer\src\EffekseerRendererLLGI\EffekseerRendererLLGI.Shader.cpp">
      <Filter>EffekseerRendererLLGI</Filter>
    </ClCompile>
    <ClCompile Include="D:\MyLib\GearsLibrary\Modules\Effekseer\src\EffekseerRendererLLGI\EffekseerRendererLLGI.VertexBuffer.cpp">
      <Filter>EffekseerRendererLLGI</Filter>
    </ClCompile>
    <ClCompile Include="D:\MyLib\GearsLibrary\Modules\Effekseer\src\EffekseerRendererLLGI\GraphicsDevice.cpp">
      <Filter>EffekseerRendererLLGI</Filter>
    </ClCompile>
  </ItemGroup>
  <ItemGroup>
    <ClInclude Include="D:\MyLib\GearsLibrary\Modules\Effekseer\src\EffekseerRendererCommon\EffekseerRenderer.CommonUtils.h">
      <Filter>EffekseerRendererCommon</Filter>
    </ClInclude>
    <ClInclude Include="D:\MyLib\GearsLibrary\Modules\Effekseer\src\EffekseerRendererCommon\EffekseerRenderer.DDSTextureLoader.h">
      <Filter>EffekseerRendererCommon</Filter>
    </ClInclude>
    <ClInclude Include="D:\MyLib\GearsLibrary\Modules\Effekseer\src\EffekseerRendererCommon\EffekseerRenderer.IndexBufferBase.h">
      <Filter>EffekseerRendererCommon</Filter>
    </ClInclude>
    <ClInclude Include="D:\MyLib\GearsLibrary\Modules\Effekseer\src\EffekseerRendererCommon\EffekseerRenderer.ModelRendererBase.h">
      <Filter>EffekseerRendererCommon</Filter>
    </ClInclude>
    <ClInclude Include="D:\MyLib\GearsLibrary\Modules\Effekseer\src\EffekseerRendererCommon\EffekseerRenderer.PngTextureLoader.h">
      <Filter>EffekseerRendererCommon</Filter>
    </ClInclude>
    <ClInclude Include="D:\MyLib\GearsLibrary\Modules\Effekseer\src\EffekseerRendererCommon\EffekseerRenderer.RenderStateBase.h">
      <Filter>EffekseerRendererCommon</Filter>
    </ClInclude>
    <ClInclude Include="D:\MyLib\GearsLibrary\Modules\Effekseer\src\EffekseerRendererCommon\EffekseerRenderer.Renderer.h">
      <Filter>EffekseerRendererCommon</Filter>
    </ClInclude>
    <ClInclude Include="D:\MyLib\GearsLibrary\Modules\Effekseer\src\EffekseerRendererCommon\EffekseerRenderer.Renderer_Impl.h">
      <Filter>EffekseerRendererCommon</Filter>
    </ClInclude>
    <ClInclude Include="D:\MyLib\GearsLibrary\Modules\Effekseer\src\EffekseerRendererCommon\EffekseerRenderer.RibbonRendererBase.h">
      <Filter>EffekseerRendererCommon</Filter>
    </ClInclude>
    <ClInclude Include="D:\MyLib\GearsLibrary\Modules\Effekseer\src\EffekseerRendererCommon\EffekseerRenderer.RingRendererBase.h">
      <Filter>EffekseerRendererCommon</Filter>
    </ClInclude>
    <ClInclude Include="D:\MyLib\GearsLibrary\Modules\Effekseer\src\EffekseerRendererCommon\EffekseerRenderer.ShaderBase.h">
      <Filter>EffekseerRendererCommon</Filter>
    </ClInclude>
    <ClInclude Include="D:\MyLib\GearsLibrary\Modules\Effekseer\src\EffekseerRendererCommon\EffekseerRenderer.SpriteRendererBase.h">
      <Filter>EffekseerRendererCommon</Filter>
    </ClInclude>
    <ClInclude Include="D:\MyLib\GearsLibrary\Modules\Effekseer\src\EffekseerRendererCommon\EffekseerRenderer.StandardRenderer.h">
      <Filter>EffekseerRendererCommon</Filter>
    </ClInclude>
    <ClInclude Include="D:\MyLib\GearsLibrary\Modules\Effekseer\src\EffekseerRendererCommon\EffekseerRenderer.TGATextureLoader.h">
      <Filter>EffekseerRendererCommon</Filter>
    </ClInclude>
    <ClInclude Include="D:\MyLib\GearsLibrary\Modules\Effekseer\src\EffekseerRendererCommon\EffekseerRenderer.TrackRendererBase.h">
      <Filter>EffekseerRendererCommon</Filter>
    </ClInclude>
    <ClInclude Include="D:\MyLib\GearsLibrary\Modules\Effekseer\src\EffekseerRendererCommon\EffekseerRenderer.VertexBufferBase.h">
      <Filter>EffekseerRendererCommon</Filter>
    </ClInclude>
    <ClInclude Include="D:\MyLib\GearsLibrary\Modules\Effekseer\src\EffekseerRendererCommon\ModelLoader.h">
      <Filter>EffekseerRendererCommon</Filter>
    </ClInclude>
    <ClInclude Include="D:\MyLib\GearsLibrary\Modules\Effekseer\src\EffekseerRendererCommon\TextureLoader.h">
      <Filter>EffekseerRendererCommon</Filter>
    </ClInclude>
    <ClInclude Include="D:\MyLib\GearsLibrary\Modules\Effekseer\src\EffekseerRendererDX12\EffekseerRenderer\EffekseerRendererDX12.Base.Pre.h">
      <Filter>EffekseerRenderer</Filter>
    </ClInclude>
    <ClInclude Include="D:\MyLib\GearsLibrary\Modules\Effekseer\src\EffekseerRendererDX12\EffekseerRenderer\EffekseerRendererDX12.Base.h">
      <Filter>EffekseerRenderer</Filter>
    </ClInclude>
    <ClInclude Include="D:\MyLib\GearsLibrary\Modules\Effekseer\src\EffekseerRendererDX12\EffekseerRenderer\EffekseerRendererDX12.Renderer.h">
      <Filter>EffekseerRenderer</Filter>
    </ClInclude>
    <ClInclude Include="D:\MyLib\GearsLibrary\Modules\Effekseer\src\EffekseerRendererDX12\EffekseerRenderer\ShaderHeader\ad_model_distortion_ps.h">
      <Filter>EffekseerRenderer\ShaderHeader</Filter>
    </ClInclude>
    <ClInclude Include="D:\MyLib\GearsLibrary\Modules\Effekseer\src\EffekseerRendererDX12\EffekseerRenderer\ShaderHeader\ad_model_distortion_vs.h">
      <Filter>EffekseerRenderer\ShaderHeader</Filter>
    </ClInclude>
    <ClInclude Include="D:\MyLib\GearsLibrary\Modules\Effekseer\src\EffekseerRendererDX12\EffekseerRenderer\ShaderHeader\ad_model_lit_ps.h">
      <Filter>EffekseerRenderer\ShaderHeader</Filter>
    </ClInclude>
    <ClInclude Include="D:\MyLib\GearsLibrary\Modules\Effekseer\src\EffekseerRendererDX12\EffekseerRenderer\ShaderHeader\ad_model_lit_vs.h">
      <Filter>EffekseerRenderer\ShaderHeader</Filter>
    </ClInclude>
    <ClInclude Include="D:\MyLib\GearsLibrary\Modules\Effekseer\src\EffekseerRendererDX12\EffekseerRenderer\ShaderHeader\ad_model_unlit_ps.h">
      <Filter>EffekseerRenderer\ShaderHeader</Filter>
    </ClInclude>
    <ClInclude Include="D:\MyLib\GearsLibrary\Modules\Effekseer\src\EffekseerRendererDX12\EffekseerRenderer\ShaderHeader\ad_model_unlit_vs.h">
      <Filter>EffekseerRenderer\ShaderHeader</Filter>
    </ClInclude>
    <ClInclude Include="D:\MyLib\GearsLibrary\Modules\Effekseer\src\EffekseerRendererDX12\EffekseerRenderer\ShaderHeader\ad_sprite_distortion_vs.h">
      <Filter>EffekseerRenderer\ShaderHeader</Filter>
    </ClInclude>
    <ClInclude Include="D:\MyLib\GearsLibrary\Modules\Effekseer\src\EffekseerRendererDX12\EffekseerRenderer\ShaderHeader\ad_sprite_lit_vs.h">
      <Filter>EffekseerRenderer\ShaderHeader</Filter>
    </ClInclude>
    <ClInclude Include="D:\MyLib\GearsLibrary\Modules\Effekseer\src\EffekseerRendererDX12\EffekseerRenderer\ShaderHeader\ad_sprite_unlit_vs.h">
      <Filter>EffekseerRenderer\ShaderHeader</Filter>
    </ClInclude>
    <ClInclude Include="D:\MyLib\GearsLibrary\Modules\Effekseer\src\EffekseerRendererDX12\EffekseerRenderer\ShaderHeader\model_distortion_ps.h">
      <Filter>EffekseerRenderer\ShaderHeader</Filter>
    </ClInclude>
    <ClInclude Include="D:\MyLib\GearsLibrary\Modules\Effekseer\src\EffekseerRendererDX12\EffekseerRenderer\ShaderHeader\model_distortion_vs.h">
      <Filter>EffekseerRenderer\ShaderHeader</Filter>
    </ClInclude>
    <ClInclude Include="D:\MyLib\GearsLibrary\Modules\Effekseer\src\EffekseerRendererDX12\EffekseerRenderer\ShaderHeader\model_lit_ps.h">
      <Filter>EffekseerRenderer\ShaderHeader</Filter>
    </ClInclude>
    <ClInclude Include="D:\MyLib\GearsLibrary\Modules\Effekseer\src\EffekseerRendererDX12\EffekseerRenderer\ShaderHeader\model_lit_vs.h">
      <Filter>EffekseerRenderer\ShaderHeader</Filter>
    </ClInclude>
    <ClInclude Include="D:\MyLib\GearsLibrary\Modules\Effekseer\src\EffekseerRendererDX12\EffekseerRenderer\ShaderHeader\model_unlit_ps.h">
      <Filter>EffekseerRenderer\ShaderHeader</Filter>
    </ClInclude>
    <ClInclude Include="D:\MyLib\GearsLibrary\Modules\Effekseer\src\EffekseerRendererDX12\EffekseerRenderer\ShaderHeader\model_unlit_vs.h">
      <Filter>EffekseerRenderer\ShaderHeader</Filter>
    </ClInclude>
    <ClInclude Include="D:\MyLib\GearsLibrary\Modules\Effekseer\src\EffekseerRendererDX12\EffekseerRenderer\ShaderHeader\sprite_distortion_vs.h">
      <Filter>EffekseerRenderer\ShaderHeader</Filter>
    </ClInclude>
    <ClInclude Include="D:\MyLib\GearsLibrary\Modules\Effekseer\src\EffekseerRendererDX12\EffekseerRenderer\ShaderHeader\sprite_lit_vs.h">
      <Filter>EffekseerRenderer\ShaderHeader</Filter>
    </ClInclude>
    <ClInclude Include="D:\MyLib\GearsLibrary\Modules\Effekseer\src\EffekseerRendererDX12\EffekseerRenderer\ShaderHeader\sprite_unlit_vs.h">
      <Filter>EffekseerRenderer\ShaderHeader</Filter>
    </ClInclude>
    <ClInclude Include="D:\MyLib\GearsLibrary\Modules\Effekseer\src\EffekseerRendererDX12\EffekseerRendererDX12.h" />
    <ClInclude Include="D:\MyLib\GearsLibrary\Modules\Effekseer\src\EffekseerMaterialCompiler\DirectX12\EffekseerMaterialCompilerDX12.h">
      <Filter>..\EffekseerMaterialCompiler\DirectX12</Filter>
    </ClInclude>
    <ClInclude Include="D:\MyLib\GearsLibrary\Modules\Effekseer\src\EffekseerMaterialCompiler\HLSLGenerator\ShaderGenerator.h">
      <Filter>..\EffekseerMaterialCompiler\HLSLGenerator</Filter>
    </ClInclude>
    <ClInclude Include="D:\MyLib\GearsLibrary\Modules\Effekseer\src\EffekseerMaterialCompiler\Common\ShaderGeneratorCommon.h">
      <Filter>..\EffekseerMaterialCompiler\Common</Filter>
    </ClInclude>
    <ClInclude Include="D:\MyLib\GearsLibrary\Modules\Effekseer\src\EffekseerRendererLLGI\Common.h">
      <Filter>EffekseerRendererLLGI</Filter>
    </ClInclude>
    <ClInclude Include="D:\MyLib\GearsLibrary\Modules\Effekseer\src\EffekseerRendererLLGI\EffekseerRendererLLGI.Base.Pre.h">
      <Filter>EffekseerRendererLLGI</Filter>
    </ClInclude>
    <ClInclude Include="D:\MyLib\GearsLibrary\Modules\Effekseer\src\EffekseerRendererLLGI\EffekseerRendererLLGI.Base.h">
      <Filter>EffekseerRendererLLGI</Filter>
    </ClInclude>
    <ClInclude Include="D:\MyLib\GearsLibrary\Modules\Effekseer\src\EffekseerRendererLLGI\EffekseerRendererLLGI.DeviceObject.h">
      <Filter>EffekseerRendererLLGI</Filter>
    </ClInclude>
    <ClInclude Include="D:\MyLib\GearsLibrary\Modules\Effekseer\src\EffekseerRendererLLGI\EffekseerRendererLLGI.IndexBuffer.h">
      <Filter>EffekseerRendererLLGI</Filter>
    </ClInclude>
    <ClInclude Include="D:\MyLib\GearsLibrary\Modules\Effekseer\src\EffekseerRendererLLGI\EffekseerRendererLLGI.MaterialLoader.h">
      <Filter>EffekseerRendererLLGI</Filter>
    </ClInclude>
    <ClInclude Include="D:\MyLib\GearsLibrary\Modules\Effekseer\src\EffekseerRendererLLGI\EffekseerRendererLLGI.ModelRenderer.h">
      <Filter>EffekseerRendererLLGI</Filter>
    </ClInclude>
    <ClInclude Include="D:\MyLib\GearsLibrary\Modules\Effekseer\src\EffekseerRendererLLGI\EffekseerRendererLLGI.RenderState.h">
      <Filter>EffekseerRendererLLGI</Filter>
    </ClInclude>
    <ClInclude Include="D:\MyLib\GearsLibrary\Modules\Effekseer\src\EffekseerRendererLLGI\EffekseerRendererLLGI.Renderer.h">
      <Filter>EffekseerRendererLLGI</Filter>
    </ClInclude>
    <ClInclude Include="D:\MyLib\GearsLibrary\Modules\Effekseer\src\EffekseerRendererLLGI\EffekseerRendererLLGI.RendererImplemented.h">
      <Filter>EffekseerRendererLLGI</Filter>
    </ClInclude>
    <ClInclude Include="D:\MyLib\GearsLibrary\Modules\Effekseer\src\EffekseerRendererLLGI\EffekseerRendererLLGI.Shader.h">
      <Filter>EffekseerRendererLLGI</Filter>
    </ClInclude>
    <ClInclude Include="D:\MyLib\GearsLibrary\Modules\Effekseer\src\EffekseerRendererLLGI\EffekseerRendererLLGI.VertexBuffer.h">
      <Filter>EffekseerRendererLLGI</Filter>
    </ClInclude>
    <ClInclude Include="D:\MyLib\GearsLibrary\Modules\Effekseer\src\EffekseerRendererLLGI\GraphicsDevice.h">
      <Filter>EffekseerRendererLLGI</Filter>
    </ClInclude>
  </ItemGroup>
  <ItemGroup>
    <CustomBuild Include="D:\MyLib\GearsLibrary\Modules\Effekseer\src\EffekseerRendererDX12\CMakeLists.txt" />
  </ItemGroup>
  <ItemGroup>
    <Filter Include="..">
      <UniqueIdentifier>{E5624F60-ADF7-3694-9D6F-696EBE178CF2}</UniqueIdentifier>
    </Filter>
    <Filter Include="..\EffekseerMaterialCompiler">
      <UniqueIdentifier>{A89B9C21-021A-34C3-9975-57CF5D9C4F68}</UniqueIdentifier>
    </Filter>
    <Filter Include="..\EffekseerMaterialCompiler\Common">
      <UniqueIdentifier>{5C9D3E38-29A2-3E76-BD3B-5FAB4E84072A}</UniqueIdentifier>
    </Filter>
    <Filter Include="..\EffekseerMaterialCompiler\DirectX12">
      <UniqueIdentifier>{A1F6EEE5-C39C-31F9-96AE-FF58E3876E2B}</UniqueIdentifier>
    </Filter>
    <Filter Include="..\EffekseerMaterialCompiler\HLSLGenerator">
      <UniqueIdentifier>{B19DBCD1-2089-34CA-A535-17EA5B7FFB3E}</UniqueIdentifier>
    </Filter>
    <Filter Include="EffekseerRenderer">
      <UniqueIdentifier>{4D2703DA-41CA-3E5F-91CA-B04983862DB7}</UniqueIdentifier>
    </Filter>
    <Filter Include="EffekseerRendererCommon">
      <UniqueIdentifier>{ABD77FD1-9237-3B91-AD69-B611B0E7C220}</UniqueIdentifier>
    </Filter>
    <Filter Include="EffekseerRendererLLGI">
      <UniqueIdentifier>{FD15A140-2911-3AF6-9BE8-B747F593491A}</UniqueIdentifier>
    </Filter>
    <Filter Include="EffekseerRenderer\ShaderHeader">
      <UniqueIdentifier>{2D63A3C6-643F-30D3-B94D-40E3C4630A2C}</UniqueIdentifier>
    </Filter>
  </ItemGroup>
</Project>
